
Microsoft Visual Studio Solution File, Format Version 12.00
# Visual Studio 15
VisualStudioVersion = 15.0.27703.2000
MinimumVisualStudioVersion = 10.0.40219.1
Project("{FAE04EC0-301F-11D3-BF4B-00C04F79EFBC}") = "Playground", "DemoWpfApp1\Playground.csproj", "{9D3F0ED3-AE68-47AD-9A17-A377920BD87C}"
EndProject
Project("{FAE04EC0-301F-11D3-BF4B-00C04F79EFBC}") = "FileBrowser", "FileBrowser\FileBrowser.csproj", "{9A5EDC2D-0186-4665-BFF4-DFF8D60C1D2E}"
EndProject
Global
	GlobalSection(SolutionConfigurationPlatforms) = preSolution
		Debug|Any CPU = Debug|Any CPU
		Release|Any CPU = Release|Any CPU
	EndGlobalSection
	GlobalSection(ProjectConfigurationPlatforms) = postSolution
		{9D3F0ED3-AE68-47AD-9A17-A377920BD87C}.Debug|Any CPU.ActiveCfg = Debug|Any CPU
		{9D3F0ED3-AE68-47AD-9A17-A377920BD87C}.Debug|Any CPU.Build.0 = Debug|Any CPU
		{9D3F0ED3-AE68-47AD-9A17-A377920BD87C}.Release|Any CPU.ActiveCfg = Release|Any CPU
		{9D3F0ED3-AE68-47AD-9A17-A377920BD87C}.Release|Any CPU.Build.0 = Release|Any CPU
		{9A5EDC2D-0186-4665-BFF4-DFF8D60C1D2E}.Debug|Any CPU.ActiveCfg = Debug|Any CPU
		{9A5EDC2D-0186-4665-BFF4-DFF8D60C1D2E}.Debug|Any CPU.Build.0 = Debug|Any CPU
		{9A5EDC2D-0186-4665-BFF4-DFF8D60C1D2E}.Release|Any CPU.ActiveCfg = Release|Any CPU
		{9A5EDC2D-0186-4665-BFF4-DFF8D60C1D2E}.Release|Any CPU.Build.0 = Release|Any CPU
	EndGlobalSection
	GlobalSection(SolutionProperties) = preSolution
		HideSolutionNode = FALSE
	EndGlobalSection
	GlobalSection(ExtensibilityGlobals) = postSolution
		SolutionGuid = {0F500A69-3905-4BFD-82F3-062EE2A4D353}
	EndGlobalSection
EndGlobal
